
Microsoft Visual Studio Solution File, Format Version 12.00
# Visual Studio Version 17
VisualStudioVersion = 17.4.33205.214
MinimumVisualStudioVersion = 10.0.40219.1
Project("{9A19103F-16F7-4668-BE54-9A1E7A4F7556}") = "CS_FirstApp", "CS_FirstApp\CS_FirstApp.csproj", "{8CB859C3-0195-4143-86F5-C7A5B634CD1F}"
EndProject
Project("{9A19103F-16F7-4668-BE54-9A1E7A4F7556}") = "CS_DataTYypes", "CS_DataTYypes\CS_DataTYypes.csproj", "{BB546955-20FB-4796-9251-5CA3DDCF9B27}"
EndProject
Project("{9A19103F-16F7-4668-BE54-9A1E7A4F7556}") = "CS_IntInfo", "CS_IntInfo\CS_IntInfo.csproj", "{E56751BE-C795-470B-9B34-5D7C45233B9F}"
EndProject
Project("{9A19103F-16F7-4668-BE54-9A1E7A4F7556}") = "CS_String", "CS_String\CS_String.csproj", "{6DDD5656-ADC6-4368-9D92-FD06A1CD8EE8}"
EndProject
Project("{2150E333-8FDC-42A3-9474-1A3956D46DE8}") = "Notes", "Notes", "{9638850B-CED8-4F18-B909-5C5D53EF9C38}"
	ProjectSection(SolutionItems) = preProject
		readme.md = readme.md
	EndProjectSection
EndProject
Project("{9A19103F-16F7-4668-BE54-9A1E7A4F7556}") = "CS_Arrays", "CS_Arrays\CS_Arrays.csproj", "{2B97FE64-CDDB-4AE7-A4C9-9E392661C5AB}"
EndProject
Project("{9A19103F-16F7-4668-BE54-9A1E7A4F7556}") = "CS_Array_Methods", "CS_Array_Methods\CS_Array_Methods.csproj", "{68DDC805-B615-48AD-A403-06E047019AE1}"
EndProject
Project("{9A19103F-16F7-4668-BE54-9A1E7A4F7556}") = "CS_Collections", "CS_Collections\CS_Collections.csproj", "{5909692A-CA4E-4DAF-BC8A-A15ED93F0052}"
EndProject
Project("{9A19103F-16F7-4668-BE54-9A1E7A4F7556}") = "CS_STring_Interpolation_Template_String", "CS_STring_Interpolation_Template_String\CS_STring_Interpolation_Template_String.csproj", "{3CC89FDE-9A1E-4FF4-86DF-48BE8C41C74C}"
EndProject
Project("{2150E333-8FDC-42A3-9474-1A3956D46DE8}") = "OOPsApps", "OOPsApps", "{E3F6E50C-0148-4477-AECA-9B6456035504}"
EndProject
Project("{9A19103F-16F7-4668-BE54-9A1E7A4F7556}") = "CS_SimpleOOPs", "CS_SimpleOOPs\CS_SimpleOOPs.csproj", "{FF3E3A82-F71A-4AA8-9816-A7D5987E868B}"
EndProject
Project("{9A19103F-16F7-4668-BE54-9A1E7A4F7556}") = "CS_OOPs_Understanding", "CS_OOPs_Understanding\CS_OOPs_Understanding.csproj", "{A7107127-CEA5-4ECA-84F3-14706077D801}"
EndProject
Project("{2150E333-8FDC-42A3-9474-1A3956D46DE8}") = "Application", "Application", "{06F02188-325F-4666-B6A6-E50A1C2C8542}"
EndProject
Project("{9A19103F-16F7-4668-BE54-9A1E7A4F7556}") = "CS_AppliedOOPs", "CS_AppliedOOPs\CS_AppliedOOPs.csproj", "{4BD4EB0C-4B7E-4154-8368-837D80B588A3}"
EndProject
Project("{9A19103F-16F7-4668-BE54-9A1E7A4F7556}") = "CS_Derivation", "CS_Derivation\CS_Derivation.csproj", "{9509E0F0-0EE7-4375-94EB-2C542D2D5962}"
EndProject
Project("{9A19103F-16F7-4668-BE54-9A1E7A4F7556}") = "CS_ABstract_Polymorphism", "CS_ABstract_Polymorphism\CS_ABstract_Polymorphism.csproj", "{2AA65213-3373-49A5-9ADF-B40F4DEDB3DD}"
EndProject
Project("{9A19103F-16F7-4668-BE54-9A1E7A4F7556}") = "CS_Interface", "CS_Interface\CS_Interface.csproj", "{6C3AF45C-871E-4C16-B4F0-B4A3CB9BAACE}"
EndProject
Project("{2150E333-8FDC-42A3-9474-1A3956D46DE8}") = "DelegatesEvents", "DelegatesEvents", "{A87AB7A2-9257-4519-AC1E-73B0C94A996F}"
EndProject
Project("{9A19103F-16F7-4668-BE54-9A1E7A4F7556}") = "CS_Delegate", "CS_Delegate\CS_Delegate.csproj", "{9983DD1D-3BA5-417A-9846-CFF52A2C959D}"
EndProject
Project("{9A19103F-16F7-4668-BE54-9A1E7A4F7556}") = "CS_Events", "CS_Events\CS_Events.csproj", "{93CFDF50-7A1A-4AE4-B267-568343B32A43}"
EndProject
Project("{9A19103F-16F7-4668-BE54-9A1E7A4F7556}") = "CS_ExtensionMethod", "CS_ExtensionMethod\CS_ExtensionMethod.csproj", "{C3E18FC7-20DD-4363-9111-6D9804A9F94F}"
EndProject
Project("{2150E333-8FDC-42A3-9474-1A3956D46DE8}") = "Genericsapps", "Genericsapps", "{05FA2960-2477-4E62-B248-E14840BD0025}"
EndProject
Project("{9A19103F-16F7-4668-BE54-9A1E7A4F7556}") = "CS_List", "CS_List\CS_List.csproj", "{99742198-301A-46EF-B930-2E35C930BB92}"
EndProject
Project("{9A19103F-16F7-4668-BE54-9A1E7A4F7556}") = "CS_Using_LINQ_Methods", "CS_Using_LINQ_Methods\CS_Using_LINQ_Methods.csproj", "{06E5CE25-359C-4D93-A744-39020D2E77D3}"
EndProject
Project("{9A19103F-16F7-4668-BE54-9A1E7A4F7556}") = "CS_Ref_Out", "CS_Ref_Out\CS_Ref_Out.csproj", "{AF031C49-975C-40FA-80EC-20526C912353}"
EndProject
Project("{9A19103F-16F7-4668-BE54-9A1E7A4F7556}") = "CS_FileIO", "CS_FileIO\CS_FileIO.csproj", "{2195CE06-B39B-4F7A-ABED-A5538461F8E2}"
EndProject
Project("{9A19103F-16F7-4668-BE54-9A1E7A4F7556}") = "CS_Serialization", "CS_Serialization\CS_Serialization.csproj", "{6F1DB532-E5EF-4115-ADC7-B878DB597220}"
EndProject
Project("{2150E333-8FDC-42A3-9474-1A3956D46DE8}") = "WebApps", "WebApps", "{968743FA-98B8-45D9-84EB-A652570785EC}"
EndProject
Project("{FAE04EC0-301F-11D3-BF4B-00C04F79EFBC}") = "CS_EFCore", "CS_EFCore\CS_EFCore.csproj", "{BAC5BB64-0B77-4190-BCEC-4F7E9CD1FD56}"
EndProject
Global
	GlobalSection(SolutionConfigurationPlatforms) = preSolution
		Debug|Any CPU = Debug|Any CPU
		Release|Any CPU = Release|Any CPU
	EndGlobalSection
	GlobalSection(ProjectConfigurationPlatforms) = postSolution
		{8CB859C3-0195-4143-86F5-C7A5B634CD1F}.Debug|Any CPU.ActiveCfg = Debug|Any CPU
		{8CB859C3-0195-4143-86F5-C7A5B634CD1F}.Debug|Any CPU.Build.0 = Debug|Any CPU
		{8CB859C3-0195-4143-86F5-C7A5B634CD1F}.Release|Any CPU.ActiveCfg = Release|Any CPU
		{8CB859C3-0195-4143-86F5-C7A5B634CD1F}.Release|Any CPU.Build.0 = Release|Any CPU
		{BB546955-20FB-4796-9251-5CA3DDCF9B27}.Debug|Any CPU.ActiveCfg = Debug|Any CPU
		{BB546955-20FB-4796-9251-5CA3DDCF9B27}.Debug|Any CPU.Build.0 = Debug|Any CPU
		{BB546955-20FB-4796-9251-5CA3DDCF9B27}.Release|Any CPU.ActiveCfg = Release|Any CPU
		{BB546955-20FB-4796-9251-5CA3DDCF9B27}.Release|Any CPU.Build.0 = Release|Any CPU
		{E56751BE-C795-470B-9B34-5D7C45233B9F}.Debug|Any CPU.ActiveCfg = Debug|Any CPU
		{E56751BE-C795-470B-9B34-5D7C45233B9F}.Debug|Any CPU.Build.0 = Debug|Any CPU
		{E56751BE-C795-470B-9B34-5D7C45233B9F}.Release|Any CPU.ActiveCfg = Release|Any CPU
		{E56751BE-C795-470B-9B34-5D7C45233B9F}.Release|Any CPU.Build.0 = Release|Any CPU
		{6DDD5656-ADC6-4368-9D92-FD06A1CD8EE8}.Debug|Any CPU.ActiveCfg = Debug|Any CPU
		{6DDD5656-ADC6-4368-9D92-FD06A1CD8EE8}.Debug|Any CPU.Build.0 = Debug|Any CPU
		{6DDD5656-ADC6-4368-9D92-FD06A1CD8EE8}.Release|Any CPU.ActiveCfg = Release|Any CPU
		{6DDD5656-ADC6-4368-9D92-FD06A1CD8EE8}.Release|Any CPU.Build.0 = Release|Any CPU
		{2B97FE64-CDDB-4AE7-A4C9-9E392661C5AB}.Debug|Any CPU.ActiveCfg = Debug|Any CPU
		{2B97FE64-CDDB-4AE7-A4C9-9E392661C5AB}.Debug|Any CPU.Build.0 = Debug|Any CPU
		{2B97FE64-CDDB-4AE7-A4C9-9E392661C5AB}.Release|Any CPU.ActiveCfg = Release|Any CPU
		{2B97FE64-CDDB-4AE7-A4C9-9E392661C5AB}.Release|Any CPU.Build.0 = Release|Any CPU
		{68DDC805-B615-48AD-A403-06E047019AE1}.Debug|Any CPU.ActiveCfg = Debug|Any CPU
		{68DDC805-B615-48AD-A403-06E047019AE1}.Debug|Any CPU.Build.0 = Debug|Any CPU
		{68DDC805-B615-48AD-A403-06E047019AE1}.Release|Any CPU.ActiveCfg = Release|Any CPU
		{68DDC805-B615-48AD-A403-06E047019AE1}.Release|Any CPU.Build.0 = Release|Any CPU
		{5909692A-CA4E-4DAF-BC8A-A15ED93F0052}.Debug|Any CPU.ActiveCfg = Debug|Any CPU
		{5909692A-CA4E-4DAF-BC8A-A15ED93F0052}.Debug|Any CPU.Build.0 = Debug|Any CPU
		{5909692A-CA4E-4DAF-BC8A-A15ED93F0052}.Release|Any CPU.ActiveCfg = Release|Any CPU
		{5909692A-CA4E-4DAF-BC8A-A15ED93F0052}.Release|Any CPU.Build.0 = Release|Any CPU
		{3CC89FDE-9A1E-4FF4-86DF-48BE8C41C74C}.Debug|Any CPU.ActiveCfg = Debug|Any CPU
		{3CC89FDE-9A1E-4FF4-86DF-48BE8C41C74C}.Debug|Any CPU.Build.0 = Debug|Any CPU
		{3CC89FDE-9A1E-4FF4-86DF-48BE8C41C74C}.Release|Any CPU.ActiveCfg = Release|Any CPU
		{3CC89FDE-9A1E-4FF4-86DF-48BE8C41C74C}.Release|Any CPU.Build.0 = Release|Any CPU
		{FF3E3A82-F71A-4AA8-9816-A7D5987E868B}.Debug|Any CPU.ActiveCfg = Debug|Any CPU
		{FF3E3A82-F71A-4AA8-9816-A7D5987E868B}.Debug|Any CPU.Build.0 = Debug|Any CPU
		{FF3E3A82-F71A-4AA8-9816-A7D5987E868B}.Release|Any CPU.ActiveCfg = Release|Any CPU
		{FF3E3A82-F71A-4AA8-9816-A7D5987E868B}.Release|Any CPU.Build.0 = Release|Any CPU
		{A7107127-CEA5-4ECA-84F3-14706077D801}.Debug|Any CPU.ActiveCfg = Debug|Any CPU
		{A7107127-CEA5-4ECA-84F3-14706077D801}.Debug|Any CPU.Build.0 = Debug|Any CPU
		{A7107127-CEA5-4ECA-84F3-14706077D801}.Release|Any CPU.ActiveCfg = Release|Any CPU
		{A7107127-CEA5-4ECA-84F3-14706077D801}.Release|Any CPU.Build.0 = Release|Any CPU
		{4BD4EB0C-4B7E-4154-8368-837D80B588A3}.Debug|Any CPU.ActiveCfg = Debug|Any CPU
		{4BD4EB0C-4B7E-4154-8368-837D80B588A3}.Debug|Any CPU.Build.0 = Debug|Any CPU
		{4BD4EB0C-4B7E-4154-8368-837D80B588A3}.Release|Any CPU.ActiveCfg = Release|Any CPU
		{4BD4EB0C-4B7E-4154-8368-837D80B588A3}.Release|Any CPU.Build.0 = Release|Any CPU
		{9509E0F0-0EE7-4375-94EB-2C542D2D5962}.Debug|Any CPU.ActiveCfg = Debug|Any CPU
		{9509E0F0-0EE7-4375-94EB-2C542D2D5962}.Debug|Any CPU.Build.0 = Debug|Any CPU
		{9509E0F0-0EE7-4375-94EB-2C542D2D5962}.Release|Any CPU.ActiveCfg = Release|Any CPU
		{9509E0F0-0EE7-4375-94EB-2C542D2D5962}.Release|Any CPU.Build.0 = Release|Any CPU
		{2AA65213-3373-49A5-9ADF-B40F4DEDB3DD}.Debug|Any CPU.ActiveCfg = Debug|Any CPU
		{2AA65213-3373-49A5-9ADF-B40F4DEDB3DD}.Debug|Any CPU.Build.0 = Debug|Any CPU
		{2AA65213-3373-49A5-9ADF-B40F4DEDB3DD}.Release|Any CPU.ActiveCfg = Release|Any CPU
		{2AA65213-3373-49A5-9ADF-B40F4DEDB3DD}.Release|Any CPU.Build.0 = Release|Any CPU
		{6C3AF45C-871E-4C16-B4F0-B4A3CB9BAACE}.Debug|Any CPU.ActiveCfg = Debug|Any CPU
		{6C3AF45C-871E-4C16-B4F0-B4A3CB9BAACE}.Debug|Any CPU.Build.0 = Debug|Any CPU
		{6C3AF45C-871E-4C16-B4F0-B4A3CB9BAACE}.Release|Any CPU.ActiveCfg = Release|Any CPU
		{6C3AF45C-871E-4C16-B4F0-B4A3CB9BAACE}.Release|Any CPU.Build.0 = Release|Any CPU
		{9983DD1D-3BA5-417A-9846-CFF52A2C959D}.Debug|Any CPU.ActiveCfg = Debug|Any CPU
		{9983DD1D-3BA5-417A-9846-CFF52A2C959D}.Debug|Any CPU.Build.0 = Debug|Any CPU
		{9983DD1D-3BA5-417A-9846-CFF52A2C959D}.Release|Any CPU.ActiveCfg = Release|Any CPU
		{9983DD1D-3BA5-417A-9846-CFF52A2C959D}.Release|Any CPU.Build.0 = Release|Any CPU
		{93CFDF50-7A1A-4AE4-B267-568343B32A43}.Debug|Any CPU.ActiveCfg = Debug|Any CPU
		{93CFDF50-7A1A-4AE4-B267-568343B32A43}.Debug|Any CPU.Build.0 = Debug|Any CPU
		{93CFDF50-7A1A-4AE4-B267-568343B32A43}.Release|Any CPU.ActiveCfg = Release|Any CPU
		{93CFDF50-7A1A-4AE4-B267-568343B32A43}.Release|Any CPU.Build.0 = Release|Any CPU
		{C3E18FC7-20DD-4363-9111-6D9804A9F94F}.Debug|Any CPU.ActiveCfg = Debug|Any CPU
		{C3E18FC7-20DD-4363-9111-6D9804A9F94F}.Debug|Any CPU.Build.0 = Debug|Any CPU
		{C3E18FC7-20DD-4363-9111-6D9804A9F94F}.Release|Any CPU.ActiveCfg = Release|Any CPU
		{C3E18FC7-20DD-4363-9111-6D9804A9F94F}.Release|Any CPU.Build.0 = Release|Any CPU
		{99742198-301A-46EF-B930-2E35C930BB92}.Debug|Any CPU.ActiveCfg = Debug|Any CPU
		{99742198-301A-46EF-B930-2E35C930BB92}.Debug|Any CPU.Build.0 = Debug|Any CPU
		{99742198-301A-46EF-B930-2E35C930BB92}.Release|Any CPU.ActiveCfg = Release|Any CPU
		{99742198-301A-46EF-B930-2E35C930BB92}.Release|Any CPU.Build.0 = Release|Any CPU
		{06E5CE25-359C-4D93-A744-39020D2E77D3}.Debug|Any CPU.ActiveCfg = Debug|Any CPU
		{06E5CE25-359C-4D93-A744-39020D2E77D3}.Debug|Any CPU.Build.0 = Debug|Any CPU
		{06E5CE25-359C-4D93-A744-39020D2E77D3}.Release|Any CPU.ActiveCfg = Release|Any CPU
		{06E5CE25-359C-4D93-A744-39020D2E77D3}.Release|Any CPU.Build.0 = Release|Any CPU
		{AF031C49-975C-40FA-80EC-20526C912353}.Debug|Any CPU.ActiveCfg = Debug|Any CPU
		{AF031C49-975C-40FA-80EC-20526C912353}.Debug|Any CPU.Build.0 = Debug|Any CPU
		{AF031C49-975C-40FA-80EC-20526C912353}.Release|Any CPU.ActiveCfg = Release|Any CPU
		{AF031C49-975C-40FA-80EC-20526C912353}.Release|Any CPU.Build.0 = Release|Any CPU
		{2195CE06-B39B-4F7A-ABED-A5538461F8E2}.Debug|Any CPU.ActiveCfg = Debug|Any CPU
		{2195CE06-B39B-4F7A-ABED-A5538461F8E2}.Debug|Any CPU.Build.0 = Debug|Any CPU
		{2195CE06-B39B-4F7A-ABED-A5538461F8E2}.Release|Any CPU.ActiveCfg = Release|Any CPU
		{2195CE06-B39B-4F7A-ABED-A5538461F8E2}.Release|Any CPU.Build.0 = Release|Any CPU
		{6F1DB532-E5EF-4115-ADC7-B878DB597220}.Debug|Any CPU.ActiveCfg = Debug|Any CPU
		{6F1DB532-E5EF-4115-ADC7-B878DB597220}.Debug|Any CPU.Build.0 = Debug|Any CPU
		{6F1DB532-E5EF-4115-ADC7-B878DB597220}.Release|Any CPU.ActiveCfg = Release|Any CPU
		{6F1DB532-E5EF-4115-ADC7-B878DB597220}.Release|Any CPU.Build.0 = Release|Any CPU
		{BAC5BB64-0B77-4190-BCEC-4F7E9CD1FD56}.Debug|Any CPU.ActiveCfg = Debug|Any CPU
		{BAC5BB64-0B77-4190-BCEC-4F7E9CD1FD56}.Debug|Any CPU.Build.0 = Debug|Any CPU
		{BAC5BB64-0B77-4190-BCEC-4F7E9CD1FD56}.Release|Any CPU.ActiveCfg = Release|Any CPU
		{BAC5BB64-0B77-4190-BCEC-4F7E9CD1FD56}.Release|Any CPU.Build.0 = Release|Any CPU
	EndGlobalSection
	GlobalSection(SolutionProperties) = preSolution
		HideSolutionNode = FALSE
	EndGlobalSection
	GlobalSection(NestedProjects) = preSolution
		{FF3E3A82-F71A-4AA8-9816-A7D5987E868B} = {E3F6E50C-0148-4477-AECA-9B6456035504}
		{A7107127-CEA5-4ECA-84F3-14706077D801} = {E3F6E50C-0148-4477-AECA-9B6456035504}
		{4BD4EB0C-4B7E-4154-8368-837D80B588A3} = {06F02188-325F-4666-B6A6-E50A1C2C8542}
		{9509E0F0-0EE7-4375-94EB-2C542D2D5962} = {06F02188-325F-4666-B6A6-E50A1C2C8542}
		{2AA65213-3373-49A5-9ADF-B40F4DEDB3DD} = {06F02188-325F-4666-B6A6-E50A1C2C8542}
		{6C3AF45C-871E-4C16-B4F0-B4A3CB9BAACE} = {06F02188-325F-4666-B6A6-E50A1C2C8542}
		{9983DD1D-3BA5-417A-9846-CFF52A2C959D} = {A87AB7A2-9257-4519-AC1E-73B0C94A996F}
		{93CFDF50-7A1A-4AE4-B267-568343B32A43} = {A87AB7A2-9257-4519-AC1E-73B0C94A996F}
		{99742198-301A-46EF-B930-2E35C930BB92} = {05FA2960-2477-4E62-B248-E14840BD0025}
		{06E5CE25-359C-4D93-A744-39020D2E77D3} = {05FA2960-2477-4E62-B248-E14840BD0025}
		{BAC5BB64-0B77-4190-BCEC-4F7E9CD1FD56} = {968743FA-98B8-45D9-84EB-A652570785EC}
	EndGlobalSection
	GlobalSection(ExtensibilityGlobals) = postSolution
		SolutionGuid = {83E0AA4B-BE4F-4DD9-888C-C4251B89AF1C}
	EndGlobalSection
EndGlobal
